
Microsoft Visual Studio Solution File, Format Version 15.00
# Visual Studio 2017
Project("{FAE04EC0-301F-11D3-BF4B-00C04F79EFBC}") = "Stitch", "Stitch.csproj", "{854A7ACA-BB4A-476D-9A4F-1E0E9038666B}"
EndProject
Global
	GlobalSection(SolutionConfigurationPlatforms) = preSolution
		Debug|Any CPU = Debug|Any CPU
		Release|Any CPU = Release|Any CPU
	EndGlobalSection
	GlobalSection(ProjectConfigurationPlatforms) = postSolution
		{854A7ACA-BB4A-476D-9A4F-1E0E9038666B}.Debug|Any CPU.ActiveCfg = Debug|Any CPU
		{854A7ACA-BB4A-476D-9A4F-1E0E9038666B}.Debug|Any CPU.Build.0 = Debug|Any CPU
		{854A7ACA-BB4A-476D-9A4F-1E0E9038666B}.Release|Any CPU.ActiveCfg = Release|Any CPU
		{854A7ACA-BB4A-476D-9A4F-1E0E9038666B}.Release|Any CPU.Build.0 = Release|Any CPU
	EndGlobalSection
EndGlobal
